
Microsoft Visual Studio Solution File, Format Version 12.00
# Visual Studio Version 16
VisualStudioVersion = 16.0.31205.134
MinimumVisualStudioVersion = 10.0.40219.1
Project("{FAE04EC0-301F-11D3-BF4B-00C04F79EFBC}") = "AP51D_Recitrash", "AP51D_Recitrash\AP51D_Recitrash.csproj", "{502E83FD-C0CD-43ED-958A-78E961F3D56F}"
EndProject
Global
	GlobalSection(SolutionConfigurationPlatforms) = preSolution
		Debug|Any CPU = Debug|Any CPU
		Release|Any CPU = Release|Any CPU
	EndGlobalSection
	GlobalSection(ProjectConfigurationPlatforms) = postSolution
		{502E83FD-C0CD-43ED-958A-78E961F3D56F}.Debug|Any CPU.ActiveCfg = Debug|Any CPU
		{502E83FD-C0CD-43ED-958A-78E961F3D56F}.Debug|Any CPU.Build.0 = Debug|Any CPU
		{502E83FD-C0CD-43ED-958A-78E961F3D56F}.Release|Any CPU.ActiveCfg = Release|Any CPU
		{502E83FD-C0CD-43ED-958A-78E961F3D56F}.Release|Any CPU.Build.0 = Release|Any CPU
	EndGlobalSection
	GlobalSection(SolutionProperties) = preSolution
		HideSolutionNode = FALSE
	EndGlobalSection
	GlobalSection(ExtensibilityGlobals) = postSolution
		SolutionGuid = {C9EE3D45-A832-4F2D-A2B1-80CA3C5E399A}
	EndGlobalSection
EndGlobal
